
Microsoft Visual Studio Solution File, Format Version 12.00
# Visual Studio Version 17
VisualStudioVersion = 17.1.32210.238
MinimumVisualStudioVersion = 10.0.40219.1
Project("{888888A0-9F3D-457C-B088-3A5042F75D52}") = "Ex1", "Ex1\Ex1.pyproj", "{609A75CA-E59D-4290-A303-A755402488B3}"
EndProject
Project("{888888A0-9F3D-457C-B088-3A5042F75D52}") = "Ex2", "Ex2\Ex2.pyproj", "{FB77890E-0D03-4C52-A79B-01FA3A2EB901}"
EndProject
Project("{888888A0-9F3D-457C-B088-3A5042F75D52}") = "Ex3", "Ex3\Ex3.pyproj", "{6E64168D-E54C-46ED-81CE-B6E14C897AF4}"
EndProject
Project("{888888A0-9F3D-457C-B088-3A5042F75D52}") = "Ex4", "Ex4\Ex4.pyproj", "{5691FB17-37F4-433D-B3CC-627052CA9A93}"
EndProject
Project("{888888A0-9F3D-457C-B088-3A5042F75D52}") = "Ex5", "Ex5\Ex5.pyproj", "{CA19D2F4-9DD0-461D-A740-129A8D36A9C8}"
EndProject
Project("{888888A0-9F3D-457C-B088-3A5042F75D52}") = "Ex7", "Ex7\Ex7.pyproj", "{582C1877-86E7-409A-8663-5001B7A82B64}"
EndProject
Project("{888888A0-9F3D-457C-B088-3A5042F75D52}") = "Ex6", "Ex6\Ex6.pyproj", "{E77F7894-A596-4138-AFB3-61EBA127375D}"
EndProject
Project("{888888A0-9F3D-457C-B088-3A5042F75D52}") = "Ex8", "Ex8\Ex8.pyproj", "{0048B14A-B378-4A52-95BC-077EA86C252B}"
EndProject
Global
	GlobalSection(SolutionConfigurationPlatforms) = preSolution
		Debug|Any CPU = Debug|Any CPU
		Release|Any CPU = Release|Any CPU
	EndGlobalSection
	GlobalSection(ProjectConfigurationPlatforms) = postSolution
		{609A75CA-E59D-4290-A303-A755402488B3}.Debug|Any CPU.ActiveCfg = Debug|Any CPU
		{609A75CA-E59D-4290-A303-A755402488B3}.Release|Any CPU.ActiveCfg = Release|Any CPU
		{FB77890E-0D03-4C52-A79B-01FA3A2EB901}.Debug|Any CPU.ActiveCfg = Debug|Any CPU
		{FB77890E-0D03-4C52-A79B-01FA3A2EB901}.Release|Any CPU.ActiveCfg = Release|Any CPU
		{6E64168D-E54C-46ED-81CE-B6E14C897AF4}.Debug|Any CPU.ActiveCfg = Debug|Any CPU
		{6E64168D-E54C-46ED-81CE-B6E14C897AF4}.Release|Any CPU.ActiveCfg = Release|Any CPU
		{5691FB17-37F4-433D-B3CC-627052CA9A93}.Debug|Any CPU.ActiveCfg = Debug|Any CPU
		{5691FB17-37F4-433D-B3CC-627052CA9A93}.Release|Any CPU.ActiveCfg = Release|Any CPU
		{CA19D2F4-9DD0-461D-A740-129A8D36A9C8}.Debug|Any CPU.ActiveCfg = Debug|Any CPU
		{CA19D2F4-9DD0-461D-A740-129A8D36A9C8}.Release|Any CPU.ActiveCfg = Release|Any CPU
		{582C1877-86E7-409A-8663-5001B7A82B64}.Debug|Any CPU.ActiveCfg = Debug|Any CPU
		{582C1877-86E7-409A-8663-5001B7A82B64}.Release|Any CPU.ActiveCfg = Release|Any CPU
		{E77F7894-A596-4138-AFB3-61EBA127375D}.Debug|Any CPU.ActiveCfg = Debug|Any CPU
		{E77F7894-A596-4138-AFB3-61EBA127375D}.Release|Any CPU.ActiveCfg = Release|Any CPU
		{0048B14A-B378-4A52-95BC-077EA86C252B}.Debug|Any CPU.ActiveCfg = Debug|Any CPU
		{0048B14A-B378-4A52-95BC-077EA86C252B}.Release|Any CPU.ActiveCfg = Release|Any CPU
	EndGlobalSection
	GlobalSection(SolutionProperties) = preSolution
		HideSolutionNode = FALSE
	EndGlobalSection
	GlobalSection(ExtensibilityGlobals) = postSolution
		SolutionGuid = {98A57D0A-3B4F-4ED2-80E0-27F8618F0F3D}
	EndGlobalSection
EndGlobal
